PODS:
  - Weibo_SDK (3.2.3)
  - WQShareLiboc (0.0.1):
    - Weibo_SDK

DEPENDENCIES:
  - WQShareLiboc (from `../`)

SPEC REPOS:
  https://github.com/cocoapods/specs.git:
    - Weibo_SDK

EXTERNAL SOURCES:
  WQShareLiboc:
    :path: "../"

SPEC CHECKSUMS:
  Weibo_SDK: 652ca78c2f7147a5de5e75e7cbea89838a81772a
  WQShareLiboc: 8765a230489c3eeecb4d4650701cb0d3dfdccfd5

PODFILE CHECKSUM: c6d0325dbb56fc482b68b6f70701be6e7c4580dc

COCOAPODS: 1.5.3
